<Solution>
  <Folder Name="/src/">
    <Project Path="src/SchemaDiff.Bench/SchemaDiff.Bench.csproj" />
    <Project Path="src/SchemaDiff.Cli/SchemaDiff.Cli.csproj" />
    <Project Path="src/SchemaDiff.Core/SchemaDiff.Core.csproj" />
    <Project Path="src/SchemaDiff.Web/SchemaDiff.Web.csproj" />
  </Folder>
  <Folder Name="/test/">
    <Project Path="test/SchemaDiff.Tests/SchemaDiff.Tests.csproj" />
  </Folder>
</Solution>
